
Microsoft Visual Studio Solution File, Format Version 12.00
# Visual Studio Version 17
VisualStudioVersion = 17.3.32901.215
MinimumVisualStudioVersion = 10.0.40219.1
Project("{FAE04EC0-301F-11D3-BF4B-00C04F79EFBC}") = "pr5(2)", "pr5(2)\pr5(2).csproj", "{B5D240BA-4C8F-46B2-ACCE-ED50D6848E8A}"
EndProject
Global
	GlobalSection(SolutionConfigurationPlatforms) = preSolution
		Debug|Any CPU = Debug|Any CPU
		Release|Any CPU = Release|Any CPU
	EndGlobalSection
	GlobalSection(ProjectConfigurationPlatforms) = postSolution
		{B5D240BA-4C8F-46B2-ACCE-ED50D6848E8A}.Debug|Any CPU.ActiveCfg = Debug|Any CPU
		{B5D240BA-4C8F-46B2-ACCE-ED50D6848E8A}.Debug|Any CPU.Build.0 = Debug|Any CPU
		{B5D240BA-4C8F-46B2-ACCE-ED50D6848E8A}.Release|Any CPU.ActiveCfg = Release|Any CPU
		{B5D240BA-4C8F-46B2-ACCE-ED50D6848E8A}.Release|Any CPU.Build.0 = Release|Any CPU
	EndGlobalSection
	GlobalSection(SolutionProperties) = preSolution
		HideSolutionNode = FALSE
	EndGlobalSection
	GlobalSection(ExtensibilityGlobals) = postSolution
		SolutionGuid = {C625991F-9ADA-4592-B57E-13DA81E1D7F2}
	EndGlobalSection
EndGlobal
